<?xml version="1.0" encoding="utf-8"?>
<Project ToolsVersion="4.0" xmlns="http://schemas.microsoft.com/developer/msbuild/2003">
  <ItemGroup>
    <Filter Include="源文件">
      <UniqueIdentifier>{4FC737F1-C7A5-4376-A066-2A32D752A2FF}</UniqueIdentifier>
      <Extensions>cpp;c;cc;cxx;c++;cppm;ixx;def;odl;idl;hpj;bat;asm;asmx</Extensions>
    </Filter>
    <Filter Include="头文件">
      <UniqueIdentifier>{93995380-89BD-4b04-88EB-625FBE52EBFB}</UniqueIdentifier>
      <Extensions>h;hh;hpp;hxx;h++;hm;inl;inc;ipp;xsd</Extensions>
    </Filter>
    <Filter Include="资源文件">
      <UniqueIdentifier>{67DA6AB6-F800-4c08-8B7A-83BB121AAD01}</UniqueIdentifier>
      <Extensions>rc;ico;cur;bmp;dlg;rc2;rct;bin;rgs;gif;jpg;jpeg;jpe;resx;tiff;tif;png;wav;mfcribbon-ms</Extensions>
    </Filter>
    <Filter Include="源文件\framework">
      <UniqueIdentifier>{743052b9-01ef-4f4a-a414-c3e91f263bae}</UniqueIdentifier>
    </Filter>
    <Filter Include="源文件\util">
      <UniqueIdentifier>{fcbec385-c468-41f0-a196-c8419a42c31c}</UniqueIdentifier>
    </Filter>
    <Filter Include="头文件\framework">
      <UniqueIdentifier>{bb67f8a1-2a38-4cd1-b79e-2e3772a14319}</UniqueIdentifier>
    </Filter>
    <Filter Include="头文件\util">
      <UniqueIdentifier>{4d29d9a1-91cc-4967-9417-4154c319fa95}</UniqueIdentifier>
    </Filter>
    <Filter Include="头文件\klass">
      <UniqueIdentifier>{ea5230ff-cf11-4bc3-8637-24c4152422ed}</UniqueIdentifier>
    </Filter>
    <Filter Include="源文件\klass">
      <UniqueIdentifier>{27603656-c35d-42f4-8c10-6a9ded4f070c}</UniqueIdentifier>
    </Filter>
    <Filter Include="头文件\object_python">
      <UniqueIdentifier>{8b6a10e9-c801-4aeb-a9d3-289be4529b18}</UniqueIdentifier>
    </Filter>
    <Filter Include="头文件\object_other">
      <UniqueIdentifier>{d1ced23b-9f0d-4a4a-b172-dc952302ca08}</UniqueIdentifier>
    </Filter>
    <Filter Include="源文件\object_python">
      <UniqueIdentifier>{661f7767-f02d-4eda-a329-538dbdb2ea04}</UniqueIdentifier>
    </Filter>
    <Filter Include="源文件\object_other">
      <UniqueIdentifier>{9e3b7b9f-dcbd-4814-9835-5afc8a4aae73}</UniqueIdentifier>
    </Filter>
  </ItemGroup>
  <ItemGroup>
    <ClCompile Include="util/arrayList.cpp">
      <Filter>源文件\util</Filter>
    </ClCompile>
    <ClCompile Include="object_python/PyString.cpp">
      <Filter>源文件\object_python</Filter>
    </ClCompile>
    <ClCompile Include="object_python/PyObject.cpp">
      <Filter>源文件\object_python</Filter>
    </ClCompile>
    <ClCompile Include="object_python/PyInteger.cpp">
      <Filter>源文件\object_python</Filter>
    </ClCompile>
    <ClCompile Include="object_python/CodeObject.cpp">
      <Filter>源文件\object_python</Filter>
    </ClCompile>
    <ClCompile Include="framework/byteCodeFileParser.cpp">
      <Filter>源文件\framework</Filter>
    </ClCompile>
    <ClCompile Include="framework/main.cpp">
      <Filter>源文件\framework</Filter>
    </ClCompile>
    <ClCompile Include="framework/interpreter.cpp">
      <Filter>源文件\framework</Filter>
    </ClCompile>
    <ClCompile Include="util/map.cpp">
      <Filter>源文件\util</Filter>
    </ClCompile>
    <ClCompile Include="klass/Klass.cpp">
      <Filter>源文件\klass</Filter>
    </ClCompile>
    <ClCompile Include="klass/IntegerKlass.cpp">
      <Filter>源文件\klass</Filter>
    </ClCompile>
    <ClCompile Include="klass/StringKlass.cpp">
      <Filter>源文件\klass</Filter>
    </ClCompile>
    <ClCompile Include="object_python/PyFunction.cpp">
      <Filter>源文件\object_python</Filter>
    </ClCompile>
    <ClCompile Include="klass/FunctionKlass.cpp">
      <Filter>源文件\klass</Filter>
    </ClCompile>
    <ClCompile Include="object_other/Universe.cpp">
      <Filter>源文件\object_other</Filter>
    </ClCompile>
    <ClCompile Include="object_other/FrameObject.cpp">
      <Filter>源文件\object_other</Filter>
    </ClCompile>
    <ClCompile Include="object_other/Block.cpp">
      <Filter>源文件\object_other</Filter>
    </ClCompile>
    <ClCompile Include="klass/NativeFunctionKlass.cpp">
      <Filter>源文件\klass</Filter>
    </ClCompile>
    <ClCompile Include="framework/nativeFunctions.cpp">
      <Filter>源文件\framework</Filter>
    </ClCompile>
    <ClCompile Include="klass/MethodKlass.cpp">
      <Filter>源文件\klass</Filter>
    </ClCompile>
    <ClCompile Include="object_python/PyMethod.cpp">
      <Filter>源文件\object_python</Filter>
    </ClCompile>
    <ClCompile Include="klass/CellKlass.cpp">
      <Filter>源文件\klass</Filter>
    </ClCompile>
    <ClCompile Include="object_python/PyCell.cpp">
      <Filter>源文件\object_python</Filter>
    </ClCompile>
    <ClCompile Include="object_python/PyList.cpp">
      <Filter>源文件\object_python</Filter>
    </ClCompile>
    <ClCompile Include="klass/ListKlass.cpp">
      <Filter>源文件\klass</Filter>
    </ClCompile>
    <ClCompile Include="util/StringTable.cpp">
      <Filter>源文件\util</Filter>
    </ClCompile>
    <ClCompile Include="object_python/PyDict.cpp">
      <Filter>源文件\object_python</Filter>
    </ClCompile>
    <ClCompile Include="klass/DictKlass.cpp">
      <Filter>源文件\klass</Filter>
    </ClCompile>
    <ClCompile Include="klass/TypeKlass.cpp">
      <Filter>源文件\klass</Filter>
    </ClCompile>
    <ClCompile Include="object_python/PyTypeObject.cpp">
      <Filter>源文件\object_python</Filter>
    </ClCompile>
    <ClCompile Include="klass/ObjectKlass.cpp">
      <Filter>源文件\klass</Filter>
    </ClCompile>
  </ItemGroup>
  <ItemGroup>
    <ClInclude Include="framework/byteCodeFileParser.hpp">
      <Filter>头文件\framework</Filter>
    </ClInclude>
    <ClInclude Include="util/bufferedInputStream.hpp">
      <Filter>头文件\util</Filter>
    </ClInclude>
    <ClInclude Include="util/arrayList.hpp">
      <Filter>头文件\util</Filter>
    </ClInclude>
    <ClInclude Include="object_python/CodeObject.hpp">
      <Filter>头文件\object_python</Filter>
    </ClInclude>
    <ClInclude Include="object_python/PyInteger.hpp">
      <Filter>头文件\object_python</Filter>
    </ClInclude>
    <ClInclude Include="object_python/PyObject.hpp">
      <Filter>头文件\object_python</Filter>
    </ClInclude>
    <ClInclude Include="object_python/PyString.hpp">
      <Filter>头文件\object_python</Filter>
    </ClInclude>
    <ClInclude Include="framework/bytecode.hpp">
      <Filter>头文件\framework</Filter>
    </ClInclude>
    <ClInclude Include="framework/interpreter.hpp">
      <Filter>头文件\framework</Filter>
    </ClInclude>
    <ClInclude Include="util/map.hpp">
      <Filter>头文件\util</Filter>
    </ClInclude>
    <ClInclude Include="klass/Klass.hpp">
      <Filter>头文件\klass</Filter>
    </ClInclude>
    <ClInclude Include="klass/IntegerKlass.hpp">
      <Filter>头文件\klass</Filter>
    </ClInclude>
    <ClInclude Include="klass/StringKlass.hpp">
      <Filter>头文件\klass</Filter>
    </ClInclude>
    <ClInclude Include="object_python/PyFunction.hpp">
      <Filter>头文件\object_python</Filter>
    </ClInclude>
    <ClInclude Include="klass/FunctionKlass.hpp">
      <Filter>头文件\klass</Filter>
    </ClInclude>
    <ClInclude Include="object_other/Universe.hpp">
      <Filter>头文件\object_other</Filter>
    </ClInclude>
    <ClInclude Include="object_other/FrameObject.hpp">
      <Filter>头文件\object_other</Filter>
    </ClInclude>
    <ClInclude Include="object_other/Block.hpp">
      <Filter>头文件\object_other</Filter>
    </ClInclude>
    <ClInclude Include="klass/NativeFunctionKlass.hpp">
      <Filter>头文件\klass</Filter>
    </ClInclude>
    <ClInclude Include="framework/nativeFunctions.hpp">
      <Filter>头文件\framework</Filter>
    </ClInclude>
    <ClInclude Include="klass/MethodKlass.hpp">
      <Filter>头文件\klass</Filter>
    </ClInclude>
    <ClInclude Include="object_python/PyMethod.hpp">
      <Filter>头文件\object_python</Filter>
    </ClInclude>
    <ClInclude Include="klass/CellKlass.hpp">
      <Filter>头文件\klass</Filter>
    </ClInclude>
    <ClInclude Include="object_python/PyCell.hpp">
      <Filter>头文件\object_python</Filter>
    </ClInclude>
    <ClInclude Include="object_python/PyList.hpp">
      <Filter>头文件\object_python</Filter>
    </ClInclude>
    <ClInclude Include="klass/ListKlass.hpp">
      <Filter>头文件\klass</Filter>
    </ClInclude>
    <ClInclude Include="util/StringTable.hpp">
      <Filter>头文件\util</Filter>
    </ClInclude>
    <ClInclude Include="object_python/PyDict.hpp">
      <Filter>头文件\object_python</Filter>
    </ClInclude>
    <ClInclude Include="klass/DictKlass.hpp">
      <Filter>头文件\klass</Filter>
    </ClInclude>
    <ClInclude Include="klass/TypeKlass.hpp">
      <Filter>头文件\klass</Filter>
    </ClInclude>
    <ClInclude Include="object_python/PyTypeObject.hpp">
      <Filter>头文件\object_python</Filter>
    </ClInclude>
    <ClInclude Include="klass/ObjectKlass.hpp">
      <Filter>头文件\klass</Filter>
    </ClInclude>
  </ItemGroup>
</Project>